
Microsoft Visual Studio Solution File, Format Version 12.00
# Visual Studio Version 17
VisualStudioVersion = 17.6.33815.320
MinimumVisualStudioVersion = 10.0.40219.1
Project("{FAE04EC0-301F-11D3-BF4B-00C04F79EFBC}") = "WPF-timer", "WPF-timer.csproj", "{83BC13F6-F40F-49A7-A7AC-68AEE9A8425E}"
EndProject
Global
	GlobalSection(SolutionConfigurationPlatforms) = preSolution
		Debug|Any CPU = Debug|Any CPU
		Release|Any CPU = Release|Any CPU
	EndGlobalSection
	GlobalSection(ProjectConfigurationPlatforms) = postSolution
		{83BC13F6-F40F-49A7-A7AC-68AEE9A8425E}.Debug|Any CPU.ActiveCfg = Debug|Any CPU
		{83BC13F6-F40F-49A7-A7AC-68AEE9A8425E}.Debug|Any CPU.Build.0 = Debug|Any CPU
		{83BC13F6-F40F-49A7-A7AC-68AEE9A8425E}.Release|Any CPU.ActiveCfg = Release|Any CPU
		{83BC13F6-F40F-49A7-A7AC-68AEE9A8425E}.Release|Any CPU.Build.0 = Release|Any CPU
	EndGlobalSection
	GlobalSection(SolutionProperties) = preSolution
		HideSolutionNode = FALSE
	EndGlobalSection
	GlobalSection(ExtensibilityGlobals) = postSolution
		SolutionGuid = {777A78C6-DF1A-4BAB-ABF0-B3F87A143E6C}
	EndGlobalSection
EndGlobal
